// !$*UTF8*$!
{
	archiveVersion = 1;
	classes = {
	};
	objectVersion = 55;
	objects = {

/* Begin PBXBuildFile section */
		884A051C28F7809A00775C99 /* ForgotPasswordViewController.swift in Sources */ = {isa = PBXBuildFile; fileRef = 884A051B28F7809A00775C99 /* ForgotPasswordViewController.swift */; };
		8855B0AD28AD7AD00069795F /* AppDelegate.swift in Sources */ = {isa = PBXBuildFile; fileRef = 8855B0AC28AD7AD00069795F /* AppDelegate.swift */; };
		8855B0AF28AD7AD00069795F /* SceneDelegate.swift in Sources */ = {isa = PBXBuildFile; fileRef = 8855B0AE28AD7AD00069795F /* SceneDelegate.swift */; };
		8855B0B128AD7AD00069795F /* ViewController.swift in Sources */ = {isa = PBXBuildFile; fileRef = 8855B0B028AD7AD00069795F /* ViewController.swift */; };
		8855B0B428AD7AD00069795F /* Main.storyboard in Resources */ = {isa = PBXBuildFile; fileRef = 8855B0B228AD7AD00069795F /* Main.storyboard */; };
		8855B0B628AD7AD10069795F /* Assets.xcassets in Resources */ = {isa = PBXBuildFile; fileRef = 8855B0B528AD7AD10069795F /* Assets.xcassets */; };
		8855B0B928AD7AD10069795F /* LaunchScreen.storyboard in Resources */ = {isa = PBXBuildFile; fileRef = 8855B0B728AD7AD10069795F /* LaunchScreen.storyboard */; };
		8855B0C128AD85270069795F /* SignInViewController.swift in Sources */ = {isa = PBXBuildFile; fileRef = 8855B0C028AD85270069795F /* SignInViewController.swift */; };
		8855B0C328AD853A0069795F /* CreateAccountViewController.swift in Sources */ = {isa = PBXBuildFile; fileRef = 8855B0C228AD853A0069795F /* CreateAccountViewController.swift */; };
		889CFB3028B097EA000FF028 /* AccountTabViewController.swift in Sources */ = {isa = PBXBuildFile; fileRef = 889CFB2F28B097EA000FF028 /* AccountTabViewController.swift */; };
		88B1EF4328ADD211006C3B57 /* FirebaseFirestore in Frameworks */ = {isa = PBXBuildFile; productRef = 88B1EF4228ADD210006C3B57 /* FirebaseFirestore */; };
		88E2E1C528ADDCFB0009985D /* HomeScreenViewController.swift in Sources */ = {isa = PBXBuildFile; fileRef = 88E2E1C428ADDCFB0009985D /* HomeScreenViewController.swift */; };
		88E2E1C728ADDDF10009985D /* Constants.swift in Sources */ = {isa = PBXBuildFile; fileRef = 88E2E1C628ADDDF10009985D /* Constants.swift */; };
		88EA8E1428ADA61200CBDD60 /* GoogleService-Info.plist in Resources */ = {isa = PBXBuildFile; fileRef = 88EA8E1328ADA61200CBDD60 /* GoogleService-Info.plist */; };
		88EA8E1728ADA6D300CBDD60 /* FirebaseAnalytics in Frameworks */ = {isa = PBXBuildFile; productRef = 88EA8E1628ADA6D300CBDD60 /* FirebaseAnalytics */; };
		88EA8E1928ADA6D300CBDD60 /* FirebaseAuth in Frameworks */ = {isa = PBXBuildFile; productRef = 88EA8E1828ADA6D300CBDD60 /* FirebaseAuth */; };
		D3C563B62909C3FF00B1F647 /* FirebaseAnalytics in Frameworks */ = {isa = PBXBuildFile; productRef = D3C563B52909C3FF00B1F647 /* FirebaseAnalytics */; };
		D3C563B82909C3FF00B1F647 /* FirebaseAuth in Frameworks */ = {isa = PBXBuildFile; productRef = D3C563B72909C3FF00B1F647 /* FirebaseAuth */; };
		D3C563BA2909C3FF00B1F647 /* FirebaseFirestore in Frameworks */ = {isa = PBXBuildFile; productRef = D3C563B92909C3FF00B1F647 /* FirebaseFirestore */; };
		DE2B93D829008AD600875591 /* Button.swift in Sources */ = {isa = PBXBuildFile; fileRef = DE2B93D729008AD600875591 /* Button.swift */; };
		DE46D9B429130D5F00836C7A /* FeedViewController.swift in Sources */ = {isa = PBXBuildFile; fileRef = DE46D9B329130D5F00836C7A /* FeedViewController.swift */; };
		DE46D9B729130FDB00836C7A /* FirebaseStorage in Frameworks */ = {isa = PBXBuildFile; productRef = DE46D9B629130FDB00836C7A /* FirebaseStorage */; };
		DEC08EBC28E4E0C2001368F6 /* FirebaseAnalytics in Frameworks */ = {isa = PBXBuildFile; productRef = DEC08EBB28E4E0C2001368F6 /* FirebaseAnalytics */; };
		DEC08EBE28E4E0C2001368F6 /* FirebaseAuth in Frameworks */ = {isa = PBXBuildFile; productRef = DEC08EBD28E4E0C2001368F6 /* FirebaseAuth */; };
		DEC08EC028E4E0C2001368F6 /* FirebaseFirestore in Frameworks */ = {isa = PBXBuildFile; productRef = DEC08EBF28E4E0C2001368F6 /* FirebaseFirestore */; };
		DEDACF2D2900824D00F33354 /* TextField.swift in Sources */ = {isa = PBXBuildFile; fileRef = DEDACF2C2900824D00F33354 /* TextField.swift */; };
		DEFFF1432909C1BA005E540D /* FirebaseAuth in Frameworks */ = {isa = PBXBuildFile; productRef = DEFFF1422909C1BA005E540D /* FirebaseAuth */; };
		DEFFF1452909C1BA005E540D /* FirebaseDatabase in Frameworks */ = {isa = PBXBuildFile; productRef = DEFFF1442909C1BA005E540D /* FirebaseDatabase */; };
		DEFFF1472909C1BA005E540D /* FirebaseFirestore in Frameworks */ = {isa = PBXBuildFile; productRef = DEFFF1462909C1BA005E540D /* FirebaseFirestore */; };
/* End PBXBuildFile section */

/* Begin PBXFileReference section */
		884A051B28F7809A00775C99 /* ForgotPasswordViewController.swift */ = {isa = PBXFileReference; lastKnownFileType = sourcecode.swift; path = ForgotPasswordViewController.swift; sourceTree = "<group>"; };
		8855B0A928AD7AD00069795F /* SceneApp3.app */ = {isa = PBXFileReference; explicitFileType = wrapper.application; includeInIndex = 0; path = SceneApp3.app; sourceTree = BUILT_PRODUCTS_DIR; };
		8855B0AC28AD7AD00069795F /* AppDelegate.swift */ = {isa = PBXFileReference; lastKnownFileType = sourcecode.swift; path = AppDelegate.swift; sourceTree = "<group>"; };
		8855B0AE28AD7AD00069795F /* SceneDelegate.swift */ = {isa = PBXFileReference; lastKnownFileType = sourcecode.swift; path = SceneDelegate.swift; sourceTree = "<group>"; };
		8855B0B028AD7AD00069795F /* ViewController.swift */ = {isa = PBXFileReference; lastKnownFileType = sourcecode.swift; path = ViewController.swift; sourceTree = "<group>"; };
		8855B0B328AD7AD00069795F /* Base */ = {isa = PBXFileReference; lastKnownFileType = file.storyboard; name = Base; path = Base.lproj/Main.storyboard; sourceTree = "<group>"; };
		8855B0B528AD7AD10069795F /* Assets.xcassets */ = {isa = PBXFileReference; lastKnownFileType = folder.assetcatalog; path = Assets.xcassets; sourceTree = "<group>"; };
		8855B0B828AD7AD10069795F /* Base */ = {isa = PBXFileReference; lastKnownFileType = file.storyboard; name = Base; path = Base.lproj/LaunchScreen.storyboard; sourceTree = "<group>"; };
		8855B0BA28AD7AD10069795F /* Info.plist */ = {isa = PBXFileReference; lastKnownFileType = text.plist.xml; path = Info.plist; sourceTree = "<group>"; };
		8855B0C028AD85270069795F /* SignInViewController.swift */ = {isa = PBXFileReference; lastKnownFileType = sourcecode.swift; path = SignInViewController.swift; sourceTree = "<group>"; };
		8855B0C228AD853A0069795F /* CreateAccountViewController.swift */ = {isa = PBXFileReference; lastKnownFileType = sourcecode.swift; path = CreateAccountViewController.swift; sourceTree = "<group>"; };
		889CFB2F28B097EA000FF028 /* AccountTabViewController.swift */ = {isa = PBXFileReference; lastKnownFileType = sourcecode.swift; path = AccountTabViewController.swift; sourceTree = "<group>"; };
		88E2E1C428ADDCFB0009985D /* HomeScreenViewController.swift */ = {isa = PBXFileReference; lastKnownFileType = sourcecode.swift; path = HomeScreenViewController.swift; sourceTree = "<group>"; };
		88E2E1C628ADDDF10009985D /* Constants.swift */ = {isa = PBXFileReference; lastKnownFileType = sourcecode.swift; path = Constants.swift; sourceTree = "<group>"; };
		88EA8E1328ADA61200CBDD60 /* GoogleService-Info.plist */ = {isa = PBXFileReference; fileEncoding = 4; lastKnownFileType = text.plist.xml; path = "GoogleService-Info.plist"; sourceTree = "<group>"; };
		DE2B93D729008AD600875591 /* Button.swift */ = {isa = PBXFileReference; lastKnownFileType = sourcecode.swift; path = Button.swift; sourceTree = "<group>"; };
		DE46D9B329130D5F00836C7A /* FeedViewController.swift */ = {isa = PBXFileReference; lastKnownFileType = sourcecode.swift; path = FeedViewController.swift; sourceTree = "<group>"; };
		DEDACF2C2900824D00F33354 /* TextField.swift */ = {isa = PBXFileReference; lastKnownFileType = sourcecode.swift; path = TextField.swift; sourceTree = "<group>"; };
/* End PBXFileReference section */

/* Begin PBXFrameworksBuildPhase section */
		8855B0A628AD7AD00069795F /* Frameworks */ = {
			isa = PBXFrameworksBuildPhase;
			buildActionMask = 2147483647;
			files = (
				D3C563B62909C3FF00B1F647 /* FirebaseAnalytics in Frameworks */,
				88EA8E1728ADA6D300CBDD60 /* FirebaseAnalytics in Frameworks */,
				DEC08EBE28E4E0C2001368F6 /* FirebaseAuth in Frameworks */,
				88EA8E1928ADA6D300CBDD60 /* FirebaseAuth in Frameworks */,
				DEC08EBC28E4E0C2001368F6 /* FirebaseAnalytics in Frameworks */,
				D3C563BA2909C3FF00B1F647 /* FirebaseFirestore in Frameworks */,
				88B1EF4328ADD211006C3B57 /* FirebaseFirestore in Frameworks */,
				DEFFF1472909C1BA005E540D /* FirebaseFirestore in Frameworks */,
				DE46D9B729130FDB00836C7A /* FirebaseStorage in Frameworks */,
				DEFFF1432909C1BA005E540D /* FirebaseAuth in Frameworks */,
				DEFFF1452909C1BA005E540D /* FirebaseDatabase in Frameworks */,
				DEC08EC028E4E0C2001368F6 /* FirebaseFirestore in Frameworks */,
				D3C563B82909C3FF00B1F647 /* FirebaseAuth in Frameworks */,
			);
			runOnlyForDeploymentPostprocessing = 0;
		};
/* End PBXFrameworksBuildPhase section */

/* Begin PBXGroup section */
		8855B0A028AD7AD00069795F = {
			isa = PBXGroup;
			children = (
				8855B0AB28AD7AD00069795F /* SceneApp3 */,
				8855B0AA28AD7AD00069795F /* Products */,
			);
			sourceTree = "<group>";
		};
		8855B0AA28AD7AD00069795F /* Products */ = {
			isa = PBXGroup;
			children = (
				8855B0A928AD7AD00069795F /* SceneApp3.app */,
			);
			name = Products;
			sourceTree = "<group>";
		};
		8855B0AB28AD7AD00069795F /* SceneApp3 */ = {
			isa = PBXGroup;
			children = (
				DEDACF2B2900816600F33354 /* Visual Classes */,
				88EA8E1328ADA61200CBDD60 /* GoogleService-Info.plist */,
				8855B0AC28AD7AD00069795F /* AppDelegate.swift */,
				8855B0AE28AD7AD00069795F /* SceneDelegate.swift */,
				8855B0B028AD7AD00069795F /* ViewController.swift */,
				8855B0C428AD854D0069795F /* View Controllers */,
				8855B0B228AD7AD00069795F /* Main.storyboard */,
				8855B0B528AD7AD10069795F /* Assets.xcassets */,
				8855B0B728AD7AD10069795F /* LaunchScreen.storyboard */,
				8855B0BA28AD7AD10069795F /* Info.plist */,
				88E2E1C628ADDDF10009985D /* Constants.swift */,
			);
			path = SceneApp3;
			sourceTree = "<group>";
		};
		8855B0C428AD854D0069795F /* View Controllers */ = {
			isa = PBXGroup;
			children = (
				8855B0C228AD853A0069795F /* CreateAccountViewController.swift */,
				889CFB2F28B097EA000FF028 /* AccountTabViewController.swift */,
				8855B0C028AD85270069795F /* SignInViewController.swift */,
				88E2E1C428ADDCFB0009985D /* HomeScreenViewController.swift */,
				884A051B28F7809A00775C99 /* ForgotPasswordViewController.swift */,
				DE46D9B329130D5F00836C7A /* FeedViewController.swift */,
			);
			path = "View Controllers";
			sourceTree = "<group>";
		};
		DEDACF2B2900816600F33354 /* Visual Classes */ = {
			isa = PBXGroup;
			children = (
				DEDACF2C2900824D00F33354 /* TextField.swift */,
				DE2B93D729008AD600875591 /* Button.swift */,
			);
			path = "Visual Classes";
			sourceTree = "<group>";
		};
/* End PBXGroup section */

/* Begin PBXNativeTarget section */
		8855B0A828AD7AD00069795F /* SceneApp3 */ = {
			isa = PBXNativeTarget;
			buildConfigurationList = 8855B0BD28AD7AD10069795F /* Build configuration list for PBXNativeTarget "SceneApp3" */;
			buildPhases = (
				8855B0A528AD7AD00069795F /* Sources */,
				8855B0A628AD7AD00069795F /* Frameworks */,
				8855B0A728AD7AD00069795F /* Resources */,
			);
			buildRules = (
			);
			dependencies = (
			);
			name = SceneApp3;
			packageProductDependencies = (
				88EA8E1628ADA6D300CBDD60 /* FirebaseAnalytics */,
				88EA8E1828ADA6D300CBDD60 /* FirebaseAuth */,
				88B1EF4228ADD210006C3B57 /* FirebaseFirestore */,
				DEC08EBB28E4E0C2001368F6 /* FirebaseAnalytics */,
				DEC08EBD28E4E0C2001368F6 /* FirebaseAuth */,
				DEC08EBF28E4E0C2001368F6 /* FirebaseFirestore */,
				DEFFF1422909C1BA005E540D /* FirebaseAuth */,
				DEFFF1442909C1BA005E540D /* FirebaseDatabase */,
				DEFFF1462909C1BA005E540D /* FirebaseFirestore */,
				DE46D9B629130FDB00836C7A /* FirebaseStorage */,
			);
			productName = SceneApp3;
			productReference = 8855B0A928AD7AD00069795F /* SceneApp3.app */;
			productType = "com.apple.product-type.application";
		};
/* End PBXNativeTarget section */

/* Begin PBXProject section */
		8855B0A128AD7AD00069795F /* Project object */ = {
			isa = PBXProject;
			attributes = {
				BuildIndependentTargetsInParallel = 1;
				LastSwiftUpdateCheck = 1340;
				LastUpgradeCheck = 1340;
				TargetAttributes = {
					8855B0A828AD7AD00069795F = {
						CreatedOnToolsVersion = 13.4.1;
					};
				};
			};
			buildConfigurationList = 8855B0A428AD7AD00069795F /* Build configuration list for PBXProject "SceneApp3" */;
			compatibilityVersion = "Xcode 13.0";
			developmentRegion = en;
			hasScannedForEncodings = 0;
			knownRegions = (
				en,
				Base,
			);
			mainGroup = 8855B0A028AD7AD00069795F;
			packageReferences = (
				88EA8E1528ADA6D300CBDD60 /* XCRemoteSwiftPackageReference "firebase-ios-sdk" */,
				88B1EF4128ADD210006C3B57 /* XCRemoteSwiftPackageReference "firebase-ios-sdk" */,
				DEC08EBA28E4E0C2001368F6 /* XCRemoteSwiftPackageReference "firebase-ios-sdk" */,
				DEFFF1412909C1BA005E540D /* XCRemoteSwiftPackageReference "firebase-ios-sdk" */,
				DE46D9B529130FDB00836C7A /* XCRemoteSwiftPackageReference "firebase-ios-sdk" */,
			);
			productRefGroup = 8855B0AA28AD7AD00069795F /* Products */;
			projectDirPath = "";
			projectRoot = "";
			targets = (
				8855B0A828AD7AD00069795F /* SceneApp3 */,
			);
		};
/* End PBXProject section */

/* Begin PBXResourcesBuildPhase section */
		8855B0A728AD7AD00069795F /* Resources */ = {
			isa = PBXResourcesBuildPhase;
			buildActionMask = 2147483647;
			files = (
				88EA8E1428ADA61200CBDD60 /* GoogleService-Info.plist in Resources */,
				8855B0B928AD7AD10069795F /* LaunchScreen.storyboard in Resources */,
				8855B0B628AD7AD10069795F /* Assets.xcassets in Resources */,
				8855B0B428AD7AD00069795F /* Main.storyboard in Resources */,
			);
			runOnlyForDeploymentPostprocessing = 0;
		};
/* End PBXResourcesBuildPhase section */

/* Begin PBXSourcesBuildPhase section */
		8855B0A528AD7AD00069795F /* Sources */ = {
			isa = PBXSourcesBuildPhase;
			buildActionMask = 2147483647;
			files = (
				8855B0C328AD853A0069795F /* CreateAccountViewController.swift in Sources */,
				8855B0C128AD85270069795F /* SignInViewController.swift in Sources */,
				8855B0B128AD7AD00069795F /* ViewController.swift in Sources */,
				DEDACF2D2900824D00F33354 /* TextField.swift in Sources */,
				8855B0AD28AD7AD00069795F /* AppDelegate.swift in Sources */,
				889CFB3028B097EA000FF028 /* AccountTabViewController.swift in Sources */,
				884A051C28F7809A00775C99 /* ForgotPasswordViewController.swift in Sources */,
				88E2E1C728ADDDF10009985D /* Constants.swift in Sources */,
				8855B0AF28AD7AD00069795F /* SceneDelegate.swift in Sources */,
				88E2E1C528ADDCFB0009985D /* HomeScreenViewController.swift in Sources */,
				DE46D9B429130D5F00836C7A /* FeedViewController.swift in Sources */,
				DE2B93D829008AD600875591 /* Button.swift in Sources */,
			);
			runOnlyForDeploymentPostprocessing = 0;
		};
/* End PBXSourcesBuildPhase section */

/* Begin PBXVariantGroup section */
		8855B0B228AD7AD00069795F /* Main.storyboard */ = {
			isa = PBXVariantGroup;
			children = (
				8855B0B328AD7AD00069795F /* Base */,
			);
			name = Main.storyboard;
			sourceTree = "<group>";
		};
		8855B0B728AD7AD10069795F /* LaunchScreen.storyboard */ = {
			isa = PBXVariantGroup;
			children = (
				8855B0B828AD7AD10069795F /* Base */,
			);
			name = LaunchScreen.storyboard;
			sourceTree = "<group>";
		};
/* End PBXVariantGroup section */

/* Begin XCBuildConfiguration section */
		8855B0BB28AD7AD10069795F /* Debug */ = {
			isa = XCBuildConfiguration;
			buildSettings = {
				ALWAYS_SEARCH_USER_PATHS = NO;
				CLANG_ANALYZER_NONNULL = YES;
				CLANG_ANALYZER_NUMBER_OBJECT_CONVERSION = YES_AGGRESSIVE;
				CLANG_CXX_LANGUAGE_STANDARD = "gnu++17";
				CLANG_ENABLE_MODULES = YES;
				CLANG_ENABLE_OBJC_ARC = YES;
				CLANG_ENABLE_OBJC_WEAK = YES;
				CLANG_WARN_BLOCK_CAPTURE_AUTORELEASING = YES;
				CLANG_WARN_BOOL_CONVERSION = YES;
				CLANG_WARN_COMMA = YES;
				CLANG_WARN_CONSTANT_CONVERSION = YES;
				CLANG_WARN_DEPRECATED_OBJC_IMPLEMENTATIONS = YES;
				CLANG_WARN_DIRECT_OBJC_ISA_USAGE = YES_ERROR;
				CLANG_WARN_DOCUMENTATION_COMMENTS = YES;
				CLANG_WARN_EMPTY_BODY = YES;
				CLANG_WARN_ENUM_CONVERSION = YES;
				CLANG_WARN_INFINITE_RECURSION = YES;
				CLANG_WARN_INT_CONVERSION = YES;
				CLANG_WARN_NON_LITERAL_NULL_CONVERSION = YES;
				CLANG_WARN_OBJC_IMPLICIT_RETAIN_SELF = YES;
				CLANG_WARN_OBJC_LITERAL_CONVERSION = YES;
				CLANG_WARN_OBJC_ROOT_CLASS = YES_ERROR;
				CLANG_WARN_QUOTED_INCLUDE_IN_FRAMEWORK_HEADER = YES;
				CLANG_WARN_RANGE_LOOP_ANALYSIS = YES;
				CLANG_WARN_STRICT_PROTOTYPES = YES;
				CLANG_WARN_SUSPICIOUS_MOVE = YES;
				CLANG_WARN_UNGUARDED_AVAILABILITY = YES_AGGRESSIVE;
				CLANG_WARN_UNREACHABLE_CODE = YES;
				CLANG_WARN__DUPLICATE_METHOD_MATCH = YES;
				COPY_PHASE_STRIP = NO;
				DEBUG_INFORMATION_FORMAT = dwarf;
				ENABLE_STRICT_OBJC_MSGSEND = YES;
				ENABLE_TESTABILITY = YES;
				GCC_C_LANGUAGE_STANDARD = gnu11;
				GCC_DYNAMIC_NO_PIC = NO;
				GCC_NO_COMMON_BLOCKS = YES;
				GCC_OPTIMIZATION_LEVEL = 0;
				GCC_PREPROCESSOR_DEFINITIONS = (
					"DEBUG=1",
					"$(inherited)",
				);
				GCC_WARN_64_TO_32_BIT_CONVERSION = YES;
				GCC_WARN_ABOUT_RETURN_TYPE = YES_ERROR;
				GCC_WARN_UNDECLARED_SELECTOR = YES;
				GCC_WARN_UNINITIALIZED_AUTOS = YES_AGGRESSIVE;
				GCC_WARN_UNUSED_FUNCTION = YES;
				GCC_WARN_UNUSED_VARIABLE = YES;
				IPHONEOS_DEPLOYMENT_TARGET = 16.0;
				MTL_ENABLE_DEBUG_INFO = INCLUDE_SOURCE;
				MTL_FAST_MATH = YES;
				ONLY_ACTIVE_ARCH = YES;
				SDKROOT = iphoneos;
				SWIFT_ACTIVE_COMPILATION_CONDITIONS = DEBUG;
				SWIFT_OPTIMIZATION_LEVEL = "-Onone";
			};
			name = Debug;
		};
		8855B0BC28AD7AD10069795F /* Release */ = {
			isa = XCBuildConfiguration;
			buildSettings = {
				ALWAYS_SEARCH_USER_PATHS = NO;
				CLANG_ANALYZER_NONNULL = YES;
				CLANG_ANALYZER_NUMBER_OBJECT_CONVERSION = YES_AGGRESSIVE;
				CLANG_CXX_LANGUAGE_STANDARD = "gnu++17";
				CLANG_ENABLE_MODULES = YES;
				CLANG_ENABLE_OBJC_ARC = YES;
				CLANG_ENABLE_OBJC_WEAK = YES;
				CLANG_WARN_BLOCK_CAPTURE_AUTORELEASING = YES;
				CLANG_WARN_BOOL_CONVERSION = YES;
				CLANG_WARN_COMMA = YES;
				CLANG_WARN_CONSTANT_CONVERSION = YES;
				CLANG_WARN_DEPRECATED_OBJC_IMPLEMENTATIONS = YES;
				CLANG_WARN_DIRECT_OBJC_ISA_USAGE = YES_ERROR;
				CLANG_WARN_DOCUMENTATION_COMMENTS = YES;
				CLANG_WARN_EMPTY_BODY = YES;
				CLANG_WARN_ENUM_CONVERSION = YES;
				CLANG_WARN_INFINITE_RECURSION = YES;
				CLANG_WARN_INT_CONVERSION = YES;
				CLANG_WARN_NON_LITERAL_NULL_CONVERSION = YES;
				CLANG_WARN_OBJC_IMPLICIT_RETAIN_SELF = YES;
				CLANG_WARN_OBJC_LITERAL_CONVERSION = YES;
				CLANG_WARN_OBJC_ROOT_CLASS = YES_ERROR;
				CLANG_WARN_QUOTED_INCLUDE_IN_FRAMEWORK_HEADER = YES;
				CLANG_WARN_RANGE_LOOP_ANALYSIS = YES;
				CLANG_WARN_STRICT_PROTOTYPES = YES;
				CLANG_WARN_SUSPICIOUS_MOVE = YES;
				CLANG_WARN_UNGUARDED_AVAILABILITY = YES_AGGRESSIVE;
				CLANG_WARN_UNREACHABLE_CODE = YES;
				CLANG_WARN__DUPLICATE_METHOD_MATCH = YES;
				COPY_PHASE_STRIP = NO;
				DEBUG_INFORMATION_FORMAT = "dwarf-with-dsym";
				ENABLE_NS_ASSERTIONS = NO;
				ENABLE_STRICT_OBJC_MSGSEND = YES;
				GCC_C_LANGUAGE_STANDARD = gnu11;
				GCC_NO_COMMON_BLOCKS = YES;
				GCC_WARN_64_TO_32_BIT_CONVERSION = YES;
				GCC_WARN_ABOUT_RETURN_TYPE = YES_ERROR;
				GCC_WARN_UNDECLARED_SELECTOR = YES;
				GCC_WARN_UNINITIALIZED_AUTOS = YES_AGGRESSIVE;
				GCC_WARN_UNUSED_FUNCTION = YES;
				GCC_WARN_UNUSED_VARIABLE = YES;
				IPHONEOS_DEPLOYMENT_TARGET = 16.0;
				MTL_ENABLE_DEBUG_INFO = NO;
				MTL_FAST_MATH = YES;
				SDKROOT = iphoneos;
				SWIFT_COMPILATION_MODE = wholemodule;
				SWIFT_OPTIMIZATION_LEVEL = "-O";
				VALIDATE_PRODUCT = YES;
			};
			name = Release;
		};
		8855B0BE28AD7AD10069795F /* Debug */ = {
			isa = XCBuildConfiguration;
			buildSettings = {
				ASSETCATALOG_COMPILER_APPICON_NAME = AppIcon;
				ASSETCATALOG_COMPILER_GLOBAL_ACCENT_COLOR_NAME = AccentColor;
				CODE_SIGN_STYLE = Automatic;
				CURRENT_PROJECT_VERSION = 1;
				DEVELOPMENT_TEAM = L27ZFRD7C3;
				GENERATE_INFOPLIST_FILE = YES;
				INFOPLIST_FILE = SceneApp3/Info.plist;
				INFOPLIST_KEY_CFBundleDisplayName = Scene;
				INFOPLIST_KEY_UIApplicationSupportsIndirectInputEvents = YES;
				INFOPLIST_KEY_UILaunchStoryboardName = LaunchScreen;
				INFOPLIST_KEY_UIMainStoryboardFile = Main;
				INFOPLIST_KEY_UISupportedInterfaceOrientations = UIInterfaceOrientationPortrait;
				INFOPLIST_KEY_UISupportedInterfaceOrientations_iPad = "UIInterfaceOrientationPortrait UIInterfaceOrientationPortraitUpsideDown UIInterfaceOrientationLandscapeLeft UIInterfaceOrientationLandscapeRight";
				INFOPLIST_KEY_UISupportedInterfaceOrientations_iPhone = "UIInterfaceOrientationPortrait UIInterfaceOrientationLandscapeLeft UIInterfaceOrientationLandscapeRight";
				IPHONEOS_DEPLOYMENT_TARGET = 15.5;
				LD_RUNPATH_SEARCH_PATHS = (
					"$(inherited)",
					"@executable_path/Frameworks",
				);
				MARKETING_VERSION = 1.0;
				PRODUCT_BUNDLE_IDENTIFIER = com.lott.SceneApp3;
				PRODUCT_NAME = "$(TARGET_NAME)";
				SWIFT_EMIT_LOC_STRINGS = YES;
				SWIFT_VERSION = 5.0;
				TARGETED_DEVICE_FAMILY = 1;
			};
			name = Debug;
		};
		8855B0BF28AD7AD10069795F /* Release */ = {
			isa = XCBuildConfiguration;
			buildSettings = {
				ASSETCATALOG_COMPILER_APPICON_NAME = AppIcon;
				ASSETCATALOG_COMPILER_GLOBAL_ACCENT_COLOR_NAME = AccentColor;
				CODE_SIGN_STYLE = Automatic;
				CURRENT_PROJECT_VERSION = 1;
				DEVELOPMENT_TEAM = L27ZFRD7C3;
				GENERATE_INFOPLIST_FILE = YES;
				INFOPLIST_FILE = SceneApp3/Info.plist;
				INFOPLIST_KEY_CFBundleDisplayName = Scene;
				INFOPLIST_KEY_UIApplicationSupportsIndirectInputEvents = YES;
				INFOPLIST_KEY_UILaunchStoryboardName = LaunchScreen;
				INFOPLIST_KEY_UIMainStoryboardFile = Main;
				INFOPLIST_KEY_UISupportedInterfaceOrientations = UIInterfaceOrientationPortrait;
				INFOPLIST_KEY_UISupportedInterfaceOrientations_iPad = "UIInterfaceOrientationPortrait UIInterfaceOrientationPortraitUpsideDown UIInterfaceOrientationLandscapeLeft UIInterfaceOrientationLandscapeRight";
				INFOPLIST_KEY_UISupportedInterfaceOrientations_iPhone = "UIInterfaceOrientationPortrait UIInterfaceOrientationLandscapeLeft UIInterfaceOrientationLandscapeRight";
				IPHONEOS_DEPLOYMENT_TARGET = 15.5;
				LD_RUNPATH_SEARCH_PATHS = (
					"$(inherited)",
					"@executable_path/Frameworks",
				);
				MARKETING_VERSION = 1.0;
				PRODUCT_BUNDLE_IDENTIFIER = com.lott.SceneApp3;
				PRODUCT_NAME = "$(TARGET_NAME)";
				SWIFT_EMIT_LOC_STRINGS = YES;
				SWIFT_VERSION = 5.0;
				TARGETED_DEVICE_FAMILY = 1;
			};
			name = Release;
		};
/* End XCBuildConfiguration section */

/* Begin XCConfigurationList section */
		8855B0A428AD7AD00069795F /* Build configuration list for PBXProject "SceneApp3" */ = {
			isa = XCConfigurationList;
			buildConfigurations = (
				8855B0BB28AD7AD10069795F /* Debug */,
				8855B0BC28AD7AD10069795F /* Release */,
			);
			defaultConfigurationIsVisible = 0;
			defaultConfigurationName = Release;
		};
		8855B0BD28AD7AD10069795F /* Build configuration list for PBXNativeTarget "SceneApp3" */ = {
			isa = XCConfigurationList;
			buildConfigurations = (
				8855B0BE28AD7AD10069795F /* Debug */,
				8855B0BF28AD7AD10069795F /* Release */,
			);
			defaultConfigurationIsVisible = 0;
			defaultConfigurationName = Release;
		};
/* End XCConfigurationList section */

/* Begin XCRemoteSwiftPackageReference section */
		88B1EF4128ADD210006C3B57 /* XCRemoteSwiftPackageReference "firebase-ios-sdk" */ = {
			isa = XCRemoteSwiftPackageReference;
			repositoryURL = "https://github.com/firebase/firebase-ios-sdk";
			requirement = {
				branch = master;
				kind = branch;
			};
		};
		88EA8E1528ADA6D300CBDD60 /* XCRemoteSwiftPackageReference "firebase-ios-sdk" */ = {
			isa = XCRemoteSwiftPackageReference;
			repositoryURL = "https://github.com/firebase/firebase-ios-sdk";
			requirement = {
				branch = master;
				kind = branch;
			};
		};
		DE46D9B529130FDB00836C7A /* XCRemoteSwiftPackageReference "firebase-ios-sdk" */ = {
			isa = XCRemoteSwiftPackageReference;
			repositoryURL = "https://github.com/firebase/firebase-ios-sdk";
			requirement = {
				kind = upToNextMajorVersion;
				minimumVersion = 9.0.0;
			};
		};
		DEC08EBA28E4E0C2001368F6 /* XCRemoteSwiftPackageReference "firebase-ios-sdk" */ = {
			isa = XCRemoteSwiftPackageReference;
			repositoryURL = "https://github.com/firebase/firebase-ios-sdk";
			requirement = {
				kind = upToNextMajorVersion;
				minimumVersion = 9.0.0;
			};
		};
		DEFFF1412909C1BA005E540D /* XCRemoteSwiftPackageReference "firebase-ios-sdk" */ = {
			isa = XCRemoteSwiftPackageReference;
			repositoryURL = "https://github.com/firebase/firebase-ios-sdk";
			requirement = {
				kind = upToNextMajorVersion;
				minimumVersion = 9.0.0;
			};
		};
/* End XCRemoteSwiftPackageReference section */

/* Begin XCSwiftPackageProductDependency section */
		88B1EF4228ADD210006C3B57 /* FirebaseFirestore */ = {
			isa = XCSwiftPackageProductDependency;
			package = 88EA8E1528ADA6D300CBDD60 /* XCRemoteSwiftPackageReference "firebase-ios-sdk" */;
			productName = FirebaseFirestore;
		};
		88EA8E1628ADA6D300CBDD60 /* FirebaseAnalytics */ = {
			isa = XCSwiftPackageProductDependency;
			package = 88EA8E1528ADA6D300CBDD60 /* XCRemoteSwiftPackageReference "firebase-ios-sdk" */;
			productName = FirebaseAnalytics;
		};
		88EA8E1828ADA6D300CBDD60 /* FirebaseAuth */ = {
			isa = XCSwiftPackageProductDependency;
			package = 88EA8E1528ADA6D300CBDD60 /* XCRemoteSwiftPackageReference "firebase-ios-sdk" */;
			productName = FirebaseAuth;
		};
		D3C563B52909C3FF00B1F647 /* FirebaseAnalytics */ = {
			isa = XCSwiftPackageProductDependency;
			package = DEC08EBA28E4E0C2001368F6 /* XCRemoteSwiftPackageReference "firebase-ios-sdk" */;
			productName = FirebaseAnalytics;
		};
		D3C563B72909C3FF00B1F647 /* FirebaseAuth */ = {
			isa = XCSwiftPackageProductDependency;
			package = DEC08EBA28E4E0C2001368F6 /* XCRemoteSwiftPackageReference "firebase-ios-sdk" */;
			productName = FirebaseAuth;
		};
		D3C563B92909C3FF00B1F647 /* FirebaseFirestore */ = {
			isa = XCSwiftPackageProductDependency;
			package = DEC08EBA28E4E0C2001368F6 /* XCRemoteSwiftPackageReference "firebase-ios-sdk" */;
			productName = FirebaseFirestore;
		};
		DE46D9B629130FDB00836C7A /* FirebaseStorage */ = {
			isa = XCSwiftPackageProductDependency;
			package = DEC08EBA28E4E0C2001368F6 /* XCRemoteSwiftPackageReference "firebase-ios-sdk" */;
			productName = FirebaseStorage;
		};
		DEC08EBB28E4E0C2001368F6 /* FirebaseAnalytics */ = {
			isa = XCSwiftPackageProductDependency;
			package = DEC08EBA28E4E0C2001368F6 /* XCRemoteSwiftPackageReference "firebase-ios-sdk" */;
			productName = FirebaseAnalytics;
		};
		DEC08EBD28E4E0C2001368F6 /* FirebaseAuth */ = {
			isa = XCSwiftPackageProductDependency;
			package = DEC08EBA28E4E0C2001368F6 /* XCRemoteSwiftPackageReference "firebase-ios-sdk" */;
			productName = FirebaseAuth;
		};
		DEC08EBF28E4E0C2001368F6 /* FirebaseFirestore */ = {
			isa = XCSwiftPackageProductDependency;
			package = DEC08EBA28E4E0C2001368F6 /* XCRemoteSwiftPackageReference "firebase-ios-sdk" */;
			productName = FirebaseFirestore;
		};
		DEFFF1422909C1BA005E540D /* FirebaseAuth */ = {
			isa = XCSwiftPackageProductDependency;
			package = DEC08EBA28E4E0C2001368F6 /* XCRemoteSwiftPackageReference "firebase-ios-sdk" */;
			productName = FirebaseAuth;
		};
		DEFFF1442909C1BA005E540D /* FirebaseDatabase */ = {
			isa = XCSwiftPackageProductDependency;
			package = DEC08EBA28E4E0C2001368F6 /* XCRemoteSwiftPackageReference "firebase-ios-sdk" */;
			productName = FirebaseDatabase;
		};
		DEFFF1462909C1BA005E540D /* FirebaseFirestore */ = {
			isa = XCSwiftPackageProductDependency;
			package = DEC08EBA28E4E0C2001368F6 /* XCRemoteSwiftPackageReference "firebase-ios-sdk" */;
			productName = FirebaseFirestore;
		};
/* End XCSwiftPackageProductDependency section */
	};
	rootObject = 8855B0A128AD7AD00069795F /* Project object */;
}
